
Microsoft Visual Studio Solution File, Format Version 12.00
# Visual Studio Version 17
VisualStudioVersion = 17.6.33723.286
MinimumVisualStudioVersion = 10.0.40219.1
Project("{FAE04EC0-301F-11D3-BF4B-00C04F79EFBC}") = "numbersGame", "numbersGame\numbersGame.csproj", "{F9CE39FD-BCBE-4108-AF96-6B01B6EAF207}"
EndProject
Global
	GlobalSection(SolutionConfigurationPlatforms) = preSolution
		Debug|Any CPU = Debug|Any CPU
		Release|Any CPU = Release|Any CPU
	EndGlobalSection
	GlobalSection(ProjectConfigurationPlatforms) = postSolution
		{F9CE39FD-BCBE-4108-AF96-6B01B6EAF207}.Debug|Any CPU.ActiveCfg = Debug|Any CPU
		{F9CE39FD-BCBE-4108-AF96-6B01B6EAF207}.Debug|Any CPU.Build.0 = Debug|Any CPU
		{F9CE39FD-BCBE-4108-AF96-6B01B6EAF207}.Release|Any CPU.ActiveCfg = Release|Any CPU
		{F9CE39FD-BCBE-4108-AF96-6B01B6EAF207}.Release|Any CPU.Build.0 = Release|Any CPU
	EndGlobalSection
	GlobalSection(SolutionProperties) = preSolution
		HideSolutionNode = FALSE
	EndGlobalSection
	GlobalSection(ExtensibilityGlobals) = postSolution
		SolutionGuid = {24961F4D-5906-438F-B298-F8F5BF130A94}
	EndGlobalSection
EndGlobal
